// !$*UTF8*$!
{
	archiveVersion = 1;
	classes = {
	};
	objectVersion = 50;
	objects = {

/* Begin PBXBuildFile section */
		6BAF6092243485A20085D7CB /* AppDelegate.swift in Sources */ = {isa = PBXBuildFile; fileRef = 6BAF6091243485A20085D7CB /* AppDelegate.swift */; };
		6BAF6094243485A20085D7CB /* SceneDelegate.swift in Sources */ = {isa = PBXBuildFile; fileRef = 6BAF6093243485A20085D7CB /* SceneDelegate.swift */; };
		6BAF6096243485A20085D7CB /* ViewController.swift in Sources */ = {isa = PBXBuildFile; fileRef = 6BAF6095243485A20085D7CB /* ViewController.swift */; };
		6BAF6099243485A20085D7CB /* Main.storyboard in Resources */ = {isa = PBXBuildFile; fileRef = 6BAF6097243485A20085D7CB /* Main.storyboard */; };
		6BAF609C243485A20085D7CB /* JsonDemo.xcdatamodeld in Sources */ = {isa = PBXBuildFile; fileRef = 6BAF609A243485A20085D7CB /* JsonDemo.xcdatamodeld */; };
		6BAF609E243485A40085D7CB /* Assets.xcassets in Resources */ = {isa = PBXBuildFile; fileRef = 6BAF609D243485A40085D7CB /* Assets.xcassets */; };
		6BAF60A1243485A40085D7CB /* LaunchScreen.storyboard in Resources */ = {isa = PBXBuildFile; fileRef = 6BAF609F243485A40085D7CB /* LaunchScreen.storyboard */; };
		6BAF60A9243486110085D7CB /* JsonData.swift in Sources */ = {isa = PBXBuildFile; fileRef = 6BAF60A8243486110085D7CB /* JsonData.swift */; };
		6BAF60AB243487550085D7CB /* ResultViewController.swift in Sources */ = {isa = PBXBuildFile; fileRef = 6BAF60AA243487550085D7CB /* ResultViewController.swift */; };
		6BAF60AD243487690085D7CB /* DetailViewController.swift in Sources */ = {isa = PBXBuildFile; fileRef = 6BAF60AC243487690085D7CB /* DetailViewController.swift */; };
		6BAF60AF24348F790085D7CB /* DataViewModel.swift in Sources */ = {isa = PBXBuildFile; fileRef = 6BAF60AE24348F790085D7CB /* DataViewModel.swift */; };
		6BAF60B12434B1270085D7CB /* ResultCollectionViewCell.swift in Sources */ = {isa = PBXBuildFile; fileRef = 6BAF60B02434B1270085D7CB /* ResultCollectionViewCell.swift */; };
/* End PBXBuildFile section */

/* Begin PBXFileReference section */
		6BAF608E243485A20085D7CB /* JsonDemo.app */ = {isa = PBXFileReference; explicitFileType = wrapper.application; includeInIndex = 0; path = JsonDemo.app; sourceTree = BUILT_PRODUCTS_DIR; };
		6BAF6091243485A20085D7CB /* AppDelegate.swift */ = {isa = PBXFileReference; lastKnownFileType = sourcecode.swift; path = AppDelegate.swift; sourceTree = "<group>"; };
		6BAF6093243485A20085D7CB /* SceneDelegate.swift */ = {isa = PBXFileReference; lastKnownFileType = sourcecode.swift; path = SceneDelegate.swift; sourceTree = "<group>"; };
		6BAF6095243485A20085D7CB /* ViewController.swift */ = {isa = PBXFileReference; lastKnownFileType = sourcecode.swift; path = ViewController.swift; sourceTree = "<group>"; };
		6BAF6098243485A20085D7CB /* Base */ = {isa = PBXFileReference; lastKnownFileType = file.storyboard; name = Base; path = Base.lproj/Main.storyboard; sourceTree = "<group>"; };
		6BAF609B243485A20085D7CB /* JsonDemo.xcdatamodel */ = {isa = PBXFileReference; lastKnownFileType = wrapper.xcdatamodel; path = JsonDemo.xcdatamodel; sourceTree = "<group>"; };
		6BAF609D243485A40085D7CB /* Assets.xcassets */ = {isa = PBXFileReference; lastKnownFileType = folder.assetcatalog; path = Assets.xcassets; sourceTree = "<group>"; };
		6BAF60A0243485A40085D7CB /* Base */ = {isa = PBXFileReference; lastKnownFileType = file.storyboard; name = Base; path = Base.lproj/LaunchScreen.storyboard; sourceTree = "<group>"; };
		6BAF60A2243485A40085D7CB /* Info.plist */ = {isa = PBXFileReference; lastKnownFileType = text.plist.xml; path = Info.plist; sourceTree = "<group>"; };
		6BAF60A8243486110085D7CB /* JsonData.swift */ = {isa = PBXFileReference; lastKnownFileType = sourcecode.swift; path = JsonData.swift; sourceTree = "<group>"; };
		6BAF60AA243487550085D7CB /* ResultViewController.swift */ = {isa = PBXFileReference; lastKnownFileType = sourcecode.swift; path = ResultViewController.swift; sourceTree = "<group>"; };
		6BAF60AC243487690085D7CB /* DetailViewController.swift */ = {isa = PBXFileReference; lastKnownFileType = sourcecode.swift; path = DetailViewController.swift; sourceTree = "<group>"; };
		6BAF60AE24348F790085D7CB /* DataViewModel.swift */ = {isa = PBXFileReference; lastKnownFileType = sourcecode.swift; path = DataViewModel.swift; sourceTree = "<group>"; };
		6BAF60B02434B1270085D7CB /* ResultCollectionViewCell.swift */ = {isa = PBXFileReference; lastKnownFileType = sourcecode.swift; path = ResultCollectionViewCell.swift; sourceTree = "<group>"; };
/* End PBXFileReference section */

/* Begin PBXFrameworksBuildPhase section */
		6BAF608B243485A20085D7CB /* Frameworks */ = {
			isa = PBXFrameworksBuildPhase;
			buildActionMask = 2147483647;
			files = (
			);
			runOnlyForDeploymentPostprocessing = 0;
		};
/* End PBXFrameworksBuildPhase section */

/* Begin PBXGroup section */
		6BAF6085243485A20085D7CB = {
			isa = PBXGroup;
			children = (
				6BAF6090243485A20085D7CB /* JsonDemo */,
				6BAF608F243485A20085D7CB /* Products */,
			);
			sourceTree = "<group>";
		};
		6BAF608F243485A20085D7CB /* Products */ = {
			isa = PBXGroup;
			children = (
				6BAF608E243485A20085D7CB /* JsonDemo.app */,
			);
			name = Products;
			sourceTree = "<group>";
		};
		6BAF6090243485A20085D7CB /* JsonDemo */ = {
			isa = PBXGroup;
			children = (
				6BAF60A8243486110085D7CB /* JsonData.swift */,
				6BAF6091243485A20085D7CB /* AppDelegate.swift */,
				6BAF60AE24348F790085D7CB /* DataViewModel.swift */,
				6BAF6093243485A20085D7CB /* SceneDelegate.swift */,
				6BAF6095243485A20085D7CB /* ViewController.swift */,
				6BAF60AA243487550085D7CB /* ResultViewController.swift */,
				6BAF60B02434B1270085D7CB /* ResultCollectionViewCell.swift */,
				6BAF60AC243487690085D7CB /* DetailViewController.swift */,
				6BAF6097243485A20085D7CB /* Main.storyboard */,
				6BAF609D243485A40085D7CB /* Assets.xcassets */,
				6BAF609F243485A40085D7CB /* LaunchScreen.storyboard */,
				6BAF60A2243485A40085D7CB /* Info.plist */,
				6BAF609A243485A20085D7CB /* JsonDemo.xcdatamodeld */,
			);
			path = JsonDemo;
			sourceTree = "<group>";
		};
/* End PBXGroup section */

/* Begin PBXNativeTarget section */
		6BAF608D243485A20085D7CB /* JsonDemo */ = {
			isa = PBXNativeTarget;
			buildConfigurationList = 6BAF60A5243485A40085D7CB /* Build configuration list for PBXNativeTarget "JsonDemo" */;
			buildPhases = (
				6BAF608A243485A20085D7CB /* Sources */,
				6BAF608B243485A20085D7CB /* Frameworks */,
				6BAF608C243485A20085D7CB /* Resources */,
			);
			buildRules = (
			);
			dependencies = (
			);
			name = JsonDemo;
			productName = JsonDemo;
			productReference = 6BAF608E243485A20085D7CB /* JsonDemo.app */;
			productType = "com.apple.product-type.application";
		};
/* End PBXNativeTarget section */

/* Begin PBXProject section */
		6BAF6086243485A20085D7CB /* Project object */ = {
			isa = PBXProject;
			attributes = {
				LastSwiftUpdateCheck = 1130;
				LastUpgradeCheck = 1130;
				ORGANIZATIONNAME = "KUO Chin Wei";
				TargetAttributes = {
					6BAF608D243485A20085D7CB = {
						CreatedOnToolsVersion = 11.3;
					};
				};
			};
			buildConfigurationList = 6BAF6089243485A20085D7CB /* Build configuration list for PBXProject "JsonDemo" */;
			compatibilityVersion = "Xcode 9.3";
			developmentRegion = en;
			hasScannedForEncodings = 0;
			knownRegions = (
				en,
				Base,
			);
			mainGroup = 6BAF6085243485A20085D7CB;
			productRefGroup = 6BAF608F243485A20085D7CB /* Products */;
			projectDirPath = "";
			projectRoot = "";
			targets = (
				6BAF608D243485A20085D7CB /* JsonDemo */,
			);
		};
/* End PBXProject section */

/* Begin PBXResourcesBuildPhase section */
		6BAF608C243485A20085D7CB /* Resources */ = {
			isa = PBXResourcesBuildPhase;
			buildActionMask = 2147483647;
			files = (
				6BAF60A1243485A40085D7CB /* LaunchScreen.storyboard in Resources */,
				6BAF609E243485A40085D7CB /* Assets.xcassets in Resources */,
				6BAF6099243485A20085D7CB /* Main.storyboard in Resources */,
			);
			runOnlyForDeploymentPostprocessing = 0;
		};
/* End PBXResourcesBuildPhase section */

/* Begin PBXSourcesBuildPhase section */
		6BAF608A243485A20085D7CB /* Sources */ = {
			isa = PBXSourcesBuildPhase;
			buildActionMask = 2147483647;
			files = (
				6BAF609C243485A20085D7CB /* JsonDemo.xcdatamodeld in Sources */,
				6BAF60B12434B1270085D7CB /* ResultCollectionViewCell.swift in Sources */,
				6BAF6096243485A20085D7CB /* ViewController.swift in Sources */,
				6BAF6092243485A20085D7CB /* AppDelegate.swift in Sources */,
				6BAF6094243485A20085D7CB /* SceneDelegate.swift in Sources */,
				6BAF60AF24348F790085D7CB /* DataViewModel.swift in Sources */,
				6BAF60A9243486110085D7CB /* JsonData.swift in Sources */,
				6BAF60AB243487550085D7CB /* ResultViewController.swift in Sources */,
				6BAF60AD243487690085D7CB /* DetailViewController.swift in Sources */,
			);
			runOnlyForDeploymentPostprocessing = 0;
		};
/* End PBXSourcesBuildPhase section */

/* Begin PBXVariantGroup section */
		6BAF6097243485A20085D7CB /* Main.storyboard */ = {
			isa = PBXVariantGroup;
			children = (
				6BAF6098243485A20085D7CB /* Base */,
			);
			name = Main.storyboard;
			sourceTree = "<group>";
		};
		6BAF609F243485A40085D7CB /* LaunchScreen.storyboard */ = {
			isa = PBXVariantGroup;
			children = (
				6BAF60A0243485A40085D7CB /* Base */,
			);
			name = LaunchScreen.storyboard;
			sourceTree = "<group>";
		};
/* End PBXVariantGroup section */

/* Begin XCBuildConfiguration section */
		6BAF60A3243485A40085D7CB /* Debug */ = {
			isa = XCBuildConfiguration;
			buildSettings = {
				ALWAYS_SEARCH_USER_PATHS = NO;
				CLANG_ANALYZER_NONNULL = YES;
				CLANG_ANALYZER_NUMBER_OBJECT_CONVERSION = YES_AGGRESSIVE;
				CLANG_CXX_LANGUAGE_STANDARD = "gnu++14";
				CLANG_CXX_LIBRARY = "libc++";
				CLANG_ENABLE_MODULES = YES;
				CLANG_ENABLE_OBJC_ARC = YES;
				CLANG_ENABLE_OBJC_WEAK = YES;
				CLANG_WARN_BLOCK_CAPTURE_AUTORELEASING = YES;
				CLANG_WARN_BOOL_CONVERSION = YES;
				CLANG_WARN_COMMA = YES;
				CLANG_WARN_CONSTANT_CONVERSION = YES;
				CLANG_WARN_DEPRECATED_OBJC_IMPLEMENTATIONS = YES;
				CLANG_WARN_DIRECT_OBJC_ISA_USAGE = YES_ERROR;
				CLANG_WARN_DOCUMENTATION_COMMENTS = YES;
				CLANG_WARN_EMPTY_BODY = YES;
				CLANG_WARN_ENUM_CONVERSION = YES;
				CLANG_WARN_INFINITE_RECURSION = YES;
				CLANG_WARN_INT_CONVERSION = YES;
				CLANG_WARN_NON_LITERAL_NULL_CONVERSION = YES;
				CLANG_WARN_OBJC_IMPLICIT_RETAIN_SELF = YES;
				CLANG_WARN_OBJC_LITERAL_CONVERSION = YES;
				CLANG_WARN_OBJC_ROOT_CLASS = YES_ERROR;
				CLANG_WARN_RANGE_LOOP_ANALYSIS = YES;
				CLANG_WARN_STRICT_PROTOTYPES = YES;
				CLANG_WARN_SUSPICIOUS_MOVE = YES;
				CLANG_WARN_UNGUARDED_AVAILABILITY = YES_AGGRESSIVE;
				CLANG_WARN_UNREACHABLE_CODE = YES;
				CLANG_WARN__DUPLICATE_METHOD_MATCH = YES;
				COPY_PHASE_STRIP = NO;
				DEBUG_INFORMATION_FORMAT = dwarf;
				ENABLE_STRICT_OBJC_MSGSEND = YES;
				ENABLE_TESTABILITY = YES;
				GCC_C_LANGUAGE_STANDARD = gnu11;
				GCC_DYNAMIC_NO_PIC = NO;
				GCC_NO_COMMON_BLOCKS = YES;
				GCC_OPTIMIZATION_LEVEL = 0;
				GCC_PREPROCESSOR_DEFINITIONS = (
					"DEBUG=1",
					"$(inherited)",
				);
				GCC_WARN_64_TO_32_BIT_CONVERSION = YES;
				GCC_WARN_ABOUT_RETURN_TYPE = YES_ERROR;
				GCC_WARN_UNDECLARED_SELECTOR = YES;
				GCC_WARN_UNINITIALIZED_AUTOS = YES_AGGRESSIVE;
				GCC_WARN_UNUSED_FUNCTION = YES;
				GCC_WARN_UNUSED_VARIABLE = YES;
				IPHONEOS_DEPLOYMENT_TARGET = 13.2;
				MTL_ENABLE_DEBUG_INFO = INCLUDE_SOURCE;
				MTL_FAST_MATH = YES;
				ONLY_ACTIVE_ARCH = YES;
				SDKROOT = iphoneos;
				SWIFT_ACTIVE_COMPILATION_CONDITIONS = DEBUG;
				SWIFT_OPTIMIZATION_LEVEL = "-Onone";
			};
			name = Debug;
		};
		6BAF60A4243485A40085D7CB /* Release */ = {
			isa = XCBuildConfiguration;
			buildSettings = {
				ALWAYS_SEARCH_USER_PATHS = NO;
				CLANG_ANALYZER_NONNULL = YES;
				CLANG_ANALYZER_NUMBER_OBJECT_CONVERSION = YES_AGGRESSIVE;
				CLANG_CXX_LANGUAGE_STANDARD = "gnu++14";
				CLANG_CXX_LIBRARY = "libc++";
				CLANG_ENABLE_MODULES = YES;
				CLANG_ENABLE_OBJC_ARC = YES;
				CLANG_ENABLE_OBJC_WEAK = YES;
				CLANG_WARN_BLOCK_CAPTURE_AUTORELEASING = YES;
				CLANG_WARN_BOOL_CONVERSION = YES;
				CLANG_WARN_COMMA = YES;
				CLANG_WARN_CONSTANT_CONVERSION = YES;
				CLANG_WARN_DEPRECATED_OBJC_IMPLEMENTATIONS = YES;
				CLANG_WARN_DIRECT_OBJC_ISA_USAGE = YES_ERROR;
				CLANG_WARN_DOCUMENTATION_COMMENTS = YES;
				CLANG_WARN_EMPTY_BODY = YES;
				CLANG_WARN_ENUM_CONVERSION = YES;
				CLANG_WARN_INFINITE_RECURSION = YES;
				CLANG_WARN_INT_CONVERSION = YES;
				CLANG_WARN_NON_LITERAL_NULL_CONVERSION = YES;
				CLANG_WARN_OBJC_IMPLICIT_RETAIN_SELF = YES;
				CLANG_WARN_OBJC_LITERAL_CONVERSION = YES;
				CLANG_WARN_OBJC_ROOT_CLASS = YES_ERROR;
				CLANG_WARN_RANGE_LOOP_ANALYSIS = YES;
				CLANG_WARN_STRICT_PROTOTYPES = YES;
				CLANG_WARN_SUSPICIOUS_MOVE = YES;
				CLANG_WARN_UNGUARDED_AVAILABILITY = YES_AGGRESSIVE;
				CLANG_WARN_UNREACHABLE_CODE = YES;
				CLANG_WARN__DUPLICATE_METHOD_MATCH = YES;
				COPY_PHASE_STRIP = NO;
				DEBUG_INFORMATION_FORMAT = "dwarf-with-dsym";
				ENABLE_NS_ASSERTIONS = NO;
				ENABLE_STRICT_OBJC_MSGSEND = YES;
				GCC_C_LANGUAGE_STANDARD = gnu11;
				GCC_NO_COMMON_BLOCKS = YES;
				GCC_WARN_64_TO_32_BIT_CONVERSION = YES;
				GCC_WARN_ABOUT_RETURN_TYPE = YES_ERROR;
				GCC_WARN_UNDECLARED_SELECTOR = YES;
				GCC_WARN_UNINITIALIZED_AUTOS = YES_AGGRESSIVE;
				GCC_WARN_UNUSED_FUNCTION = YES;
				GCC_WARN_UNUSED_VARIABLE = YES;
				IPHONEOS_DEPLOYMENT_TARGET = 13.2;
				MTL_ENABLE_DEBUG_INFO = NO;
				MTL_FAST_MATH = YES;
				SDKROOT = iphoneos;
				SWIFT_COMPILATION_MODE = wholemodule;
				SWIFT_OPTIMIZATION_LEVEL = "-O";
				VALIDATE_PRODUCT = YES;
			};
			name = Release;
		};
		6BAF60A6243485A40085D7CB /* Debug */ = {
			isa = XCBuildConfiguration;
			buildSettings = {
				ASSETCATALOG_COMPILER_APPICON_NAME = AppIcon;
				CODE_SIGN_STYLE = Automatic;
				INFOPLIST_FILE = JsonDemo/Info.plist;
				LD_RUNPATH_SEARCH_PATHS = (
					"$(inherited)",
					"@executable_path/Frameworks",
				);
				PRODUCT_BUNDLE_IDENTIFIER = com.KevinKuo.JsonDemo;
				PRODUCT_NAME = "$(TARGET_NAME)";
				SWIFT_VERSION = 5.0;
				TARGETED_DEVICE_FAMILY = "1,2";
			};
			name = Debug;
		};
		6BAF60A7243485A40085D7CB /* Release */ = {
			isa = XCBuildConfiguration;
			buildSettings = {
				ASSETCATALOG_COMPILER_APPICON_NAME = AppIcon;
				CODE_SIGN_STYLE = Automatic;
				INFOPLIST_FILE = JsonDemo/Info.plist;
				LD_RUNPATH_SEARCH_PATHS = (
					"$(inherited)",
					"@executable_path/Frameworks",
				);
				PRODUCT_BUNDLE_IDENTIFIER = com.KevinKuo.JsonDemo;
				PRODUCT_NAME = "$(TARGET_NAME)";
				SWIFT_VERSION = 5.0;
				TARGETED_DEVICE_FAMILY = "1,2";
			};
			name = Release;
		};
/* End XCBuildConfiguration section */

/* Begin XCConfigurationList section */
		6BAF6089243485A20085D7CB /* Build configuration list for PBXProject "JsonDemo" */ = {
			isa = XCConfigurationList;
			buildConfigurations = (
				6BAF60A3243485A40085D7CB /* Debug */,
				6BAF60A4243485A40085D7CB /* Release */,
			);
			defaultConfigurationIsVisible = 0;
			defaultConfigurationName = Release;
		};
		6BAF60A5243485A40085D7CB /* Build configuration list for PBXNativeTarget "JsonDemo" */ = {
			isa = XCConfigurationList;
			buildConfigurations = (
				6BAF60A6243485A40085D7CB /* Debug */,
				6BAF60A7243485A40085D7CB /* Release */,
			);
			defaultConfigurationIsVisible = 0;
			defaultConfigurationName = Release;
		};
/* End XCConfigurationList section */

/* Begin XCVersionGroup section */
		6BAF609A243485A20085D7CB /* JsonDemo.xcdatamodeld */ = {
			isa = XCVersionGroup;
			children = (
				6BAF609B243485A20085D7CB /* JsonDemo.xcdatamodel */,
			);
			currentVersion = 6BAF609B243485A20085D7CB /* JsonDemo.xcdatamodel */;
			path = JsonDemo.xcdatamodeld;
			sourceTree = "<group>";
			versionGroupType = wrapper.xcdatamodel;
		};
/* End XCVersionGroup section */
	};
	rootObject = 6BAF6086243485A20085D7CB /* Project object */;
}
